
Microsoft Visual Studio Solution File, Format Version 11.00
# Visual Studio 2010
Project("{FAE04EC0-301F-11D3-BF4B-00C04F79EFBC}") = "RegoME.Apns", "RegoME.Apns\RegoME.Apns.csproj", "{357F8AD5-20E3-4A01-BF63-C944D72438BF}"
EndProject
Project("{FAE04EC0-301F-11D3-BF4B-00C04F79EFBC}") = "RegoME.Apns.Test", "RegoME.Apns.Test\RegoME.Apns.Test.csproj", "{ECAE770D-99FA-4342-8AE6-1A01702350AB}"
EndProject
Global
	GlobalSection(SolutionConfigurationPlatforms) = preSolution
		Debug|Any CPU = Debug|Any CPU
		Release|Any CPU = Release|Any CPU
	EndGlobalSection
	GlobalSection(ProjectConfigurationPlatforms) = postSolution
		{357F8AD5-20E3-4A01-BF63-C944D72438BF}.Debug|Any CPU.ActiveCfg = Debug|Any CPU
		{357F8AD5-20E3-4A01-BF63-C944D72438BF}.Debug|Any CPU.Build.0 = Debug|Any CPU
		{357F8AD5-20E3-4A01-BF63-C944D72438BF}.Release|Any CPU.ActiveCfg = Release|Any CPU
		{357F8AD5-20E3-4A01-BF63-C944D72438BF}.Release|Any CPU.Build.0 = Release|Any CPU
		{ECAE770D-99FA-4342-8AE6-1A01702350AB}.Debug|Any CPU.ActiveCfg = Debug|Any CPU
		{ECAE770D-99FA-4342-8AE6-1A01702350AB}.Debug|Any CPU.Build.0 = Debug|Any CPU
		{ECAE770D-99FA-4342-8AE6-1A01702350AB}.Release|Any CPU.ActiveCfg = Release|Any CPU
		{ECAE770D-99FA-4342-8AE6-1A01702350AB}.Release|Any CPU.Build.0 = Release|Any CPU
	EndGlobalSection
	GlobalSection(SolutionProperties) = preSolution
		HideSolutionNode = FALSE
	EndGlobalSection
EndGlobal
